
Microsoft Visual Studio Solution File, Format Version 12.00
# Visual Studio 2013
VisualStudioVersion = 12.0.30110.0
MinimumVisualStudioVersion = 10.0.40219.1
Project("{2150E333-8FDC-42A3-9474-1A3956D46DE8}") = "Data", "Data", "{5523FFE2-9220-4B44-90A5-090482A923B5}"
EndProject
Project("{2150E333-8FDC-42A3-9474-1A3956D46DE8}") = "Logic", "Logic", "{C6DAACA8-10CB-4CC9-8DE2-792B5597375D}"
EndProject
Project("{2150E333-8FDC-42A3-9474-1A3956D46DE8}") = "UI", "UI", "{343798BC-996F-4C62-A2C5-254D36934474}"
EndProject
Project("{FAE04EC0-301F-11D3-BF4B-00C04F79EFBC}") = "Client", "Client\Client.csproj", "{5A56F1D6-3A9E-4916-A6A5-3D9DEDD93BAD}"
EndProject
Project("{FAE04EC0-301F-11D3-BF4B-00C04F79EFBC}") = "Repositories", "Repositories\Repositories.csproj", "{2C261676-C575-4293-9C3A-1B4C85BC88B3}"
EndProject
Project("{FAE04EC0-301F-11D3-BF4B-00C04F79EFBC}") = "PersonManagement", "PersonManagement\PersonManagement.csproj", "{0F85DE3B-7A33-4B47-9C01-02C6CD4046A2}"
EndProject
Project("{2150E333-8FDC-42A3-9474-1A3956D46DE8}") = "CrossCutting", "CrossCutting", "{98162464-1283-42F0-A38D-FB042D38FE7A}"
EndProject
Project("{FAE04EC0-301F-11D3-BF4B-00C04F79EFBC}") = "DataClasses", "DataClasses\DataClasses.csproj", "{8F284714-8928-41FC-807A-FEFFF12B9171}"
EndProject
Project("{F088123C-0E9E-452A-89E6-6BA2F21D5CAC}") = "ModelingProject1", "ModelingProject1\ModelingProject1.modelproj", "{D90575DD-7E76-408C-9B4A-D46E110B77DA}"
EndProject
Project("{2150E333-8FDC-42A3-9474-1A3956D46DE8}") = "Infrastructure", "Infrastructure", "{4A503DF0-7212-43C9-AD8A-6C6268F7AC6B}"
EndProject
Project("{FAE04EC0-301F-11D3-BF4B-00C04F79EFBC}") = "DepenendencyInjection", "DepenendencyInjection\DepenendencyInjection.csproj", "{6A4567A0-5E18-49CD-8742-BD5639B4B70B}"
EndProject
Project("{FAE04EC0-301F-11D3-BF4B-00C04F79EFBC}") = "Logging", "Logging\Logging.csproj", "{AB2709B1-0B4F-47AE-9FB4-10F9E13D1FEA}"
EndProject
Project("{FAE04EC0-301F-11D3-BF4B-00C04F79EFBC}") = "Logging.Contracts", "Logging.Contracts\Logging.Contracts.csproj", "{6D1944CE-A8B1-4540-B35A-14B416D9AE3D}"
EndProject
Project("{FAE04EC0-301F-11D3-BF4B-00C04F79EFBC}") = "Repositories.Contracts", "Repositories.Contracts\Repositories.Contracts.csproj", "{D64107B9-FD99-48A2-8821-812658A8EC6B}"
EndProject
Project("{FAE04EC0-301F-11D3-BF4B-00C04F79EFBC}") = "PersonMangement.Contacts", "PersonMangement.Contacts\PersonMangement.Contacts.csproj", "{D942D146-CA0A-4B29-975B-C8E0D8590130}"
EndProject
Global
	GlobalSection(SolutionConfigurationPlatforms) = preSolution
		Debug|Any CPU = Debug|Any CPU
		Release|Any CPU = Release|Any CPU
	EndGlobalSection
	GlobalSection(ProjectConfigurationPlatforms) = postSolution
		{5A56F1D6-3A9E-4916-A6A5-3D9DEDD93BAD}.Debug|Any CPU.ActiveCfg = Debug|Any CPU
		{5A56F1D6-3A9E-4916-A6A5-3D9DEDD93BAD}.Debug|Any CPU.Build.0 = Debug|Any CPU
		{5A56F1D6-3A9E-4916-A6A5-3D9DEDD93BAD}.Release|Any CPU.ActiveCfg = Release|Any CPU
		{5A56F1D6-3A9E-4916-A6A5-3D9DEDD93BAD}.Release|Any CPU.Build.0 = Release|Any CPU
		{2C261676-C575-4293-9C3A-1B4C85BC88B3}.Debug|Any CPU.ActiveCfg = Debug|Any CPU
		{2C261676-C575-4293-9C3A-1B4C85BC88B3}.Debug|Any CPU.Build.0 = Debug|Any CPU
		{2C261676-C575-4293-9C3A-1B4C85BC88B3}.Release|Any CPU.ActiveCfg = Release|Any CPU
		{2C261676-C575-4293-9C3A-1B4C85BC88B3}.Release|Any CPU.Build.0 = Release|Any CPU
		{0F85DE3B-7A33-4B47-9C01-02C6CD4046A2}.Debug|Any CPU.ActiveCfg = Debug|Any CPU
		{0F85DE3B-7A33-4B47-9C01-02C6CD4046A2}.Debug|Any CPU.Build.0 = Debug|Any CPU
		{0F85DE3B-7A33-4B47-9C01-02C6CD4046A2}.Release|Any CPU.ActiveCfg = Release|Any CPU
		{0F85DE3B-7A33-4B47-9C01-02C6CD4046A2}.Release|Any CPU.Build.0 = Release|Any CPU
		{8F284714-8928-41FC-807A-FEFFF12B9171}.Debug|Any CPU.ActiveCfg = Debug|Any CPU
		{8F284714-8928-41FC-807A-FEFFF12B9171}.Debug|Any CPU.Build.0 = Debug|Any CPU
		{8F284714-8928-41FC-807A-FEFFF12B9171}.Release|Any CPU.ActiveCfg = Release|Any CPU
		{8F284714-8928-41FC-807A-FEFFF12B9171}.Release|Any CPU.Build.0 = Release|Any CPU
		{D90575DD-7E76-408C-9B4A-D46E110B77DA}.Debug|Any CPU.ActiveCfg = Debug|Any CPU
		{D90575DD-7E76-408C-9B4A-D46E110B77DA}.Debug|Any CPU.Build.0 = Debug|Any CPU
		{D90575DD-7E76-408C-9B4A-D46E110B77DA}.Release|Any CPU.ActiveCfg = Release|Any CPU
		{D90575DD-7E76-408C-9B4A-D46E110B77DA}.Release|Any CPU.Build.0 = Release|Any CPU
		{6A4567A0-5E18-49CD-8742-BD5639B4B70B}.Debug|Any CPU.ActiveCfg = Debug|Any CPU
		{6A4567A0-5E18-49CD-8742-BD5639B4B70B}.Debug|Any CPU.Build.0 = Debug|Any CPU
		{6A4567A0-5E18-49CD-8742-BD5639B4B70B}.Release|Any CPU.ActiveCfg = Release|Any CPU
		{6A4567A0-5E18-49CD-8742-BD5639B4B70B}.Release|Any CPU.Build.0 = Release|Any CPU
		{AB2709B1-0B4F-47AE-9FB4-10F9E13D1FEA}.Debug|Any CPU.ActiveCfg = Debug|Any CPU
		{AB2709B1-0B4F-47AE-9FB4-10F9E13D1FEA}.Debug|Any CPU.Build.0 = Debug|Any CPU
		{AB2709B1-0B4F-47AE-9FB4-10F9E13D1FEA}.Release|Any CPU.ActiveCfg = Release|Any CPU
		{AB2709B1-0B4F-47AE-9FB4-10F9E13D1FEA}.Release|Any CPU.Build.0 = Release|Any CPU
		{6D1944CE-A8B1-4540-B35A-14B416D9AE3D}.Debug|Any CPU.ActiveCfg = Debug|Any CPU
		{6D1944CE-A8B1-4540-B35A-14B416D9AE3D}.Debug|Any CPU.Build.0 = Debug|Any CPU
		{6D1944CE-A8B1-4540-B35A-14B416D9AE3D}.Release|Any CPU.ActiveCfg = Release|Any CPU
		{6D1944CE-A8B1-4540-B35A-14B416D9AE3D}.Release|Any CPU.Build.0 = Release|Any CPU
		{D64107B9-FD99-48A2-8821-812658A8EC6B}.Debug|Any CPU.ActiveCfg = Debug|Any CPU
		{D64107B9-FD99-48A2-8821-812658A8EC6B}.Debug|Any CPU.Build.0 = Debug|Any CPU
		{D64107B9-FD99-48A2-8821-812658A8EC6B}.Release|Any CPU.ActiveCfg = Release|Any CPU
		{D64107B9-FD99-48A2-8821-812658A8EC6B}.Release|Any CPU.Build.0 = Release|Any CPU
		{D942D146-CA0A-4B29-975B-C8E0D8590130}.Debug|Any CPU.ActiveCfg = Debug|Any CPU
		{D942D146-CA0A-4B29-975B-C8E0D8590130}.Debug|Any CPU.Build.0 = Debug|Any CPU
		{D942D146-CA0A-4B29-975B-C8E0D8590130}.Release|Any CPU.ActiveCfg = Release|Any CPU
		{D942D146-CA0A-4B29-975B-C8E0D8590130}.Release|Any CPU.Build.0 = Release|Any CPU
	EndGlobalSection
	GlobalSection(SolutionProperties) = preSolution
		HideSolutionNode = FALSE
	EndGlobalSection
	GlobalSection(NestedProjects) = preSolution
		{2C261676-C575-4293-9C3A-1B4C85BC88B3} = {5523FFE2-9220-4B44-90A5-090482A923B5}
		{D64107B9-FD99-48A2-8821-812658A8EC6B} = {5523FFE2-9220-4B44-90A5-090482A923B5}
		{0F85DE3B-7A33-4B47-9C01-02C6CD4046A2} = {C6DAACA8-10CB-4CC9-8DE2-792B5597375D}
		{D942D146-CA0A-4B29-975B-C8E0D8590130} = {C6DAACA8-10CB-4CC9-8DE2-792B5597375D}
		{5A56F1D6-3A9E-4916-A6A5-3D9DEDD93BAD} = {343798BC-996F-4C62-A2C5-254D36934474}
		{8F284714-8928-41FC-807A-FEFFF12B9171} = {98162464-1283-42F0-A38D-FB042D38FE7A}
		{AB2709B1-0B4F-47AE-9FB4-10F9E13D1FEA} = {98162464-1283-42F0-A38D-FB042D38FE7A}
		{6D1944CE-A8B1-4540-B35A-14B416D9AE3D} = {98162464-1283-42F0-A38D-FB042D38FE7A}
		{6A4567A0-5E18-49CD-8742-BD5639B4B70B} = {4A503DF0-7212-43C9-AD8A-6C6268F7AC6B}
	EndGlobalSection
EndGlobal
